# This file is automatically @generated by Cargo.
# It is not intended for manual editing.
version = 4

[[package]]
name = "sentinel-core"
version = "0.1.0"

[[package]]
name = "sentinel-fuzz"
version = "0.0.0"
dependencies = [
 "sentinel-core",
 "sentinel-ioc",
 "sentinel-packet",
 "sentinel-policy",
 "sentinel-rules",
]

[[package]]
name = "sentinel-ioc"
version = "0.1.0"
dependencies = [
 "sentinel-core",
 "sentinel-packet",
]

[[package]]
name = "sentinel-packet"
version = "0.1.0"
dependencies = [
 "sentinel-core",
]

[[package]]
name = "sentinel-policy"
version = "0.1.0"
dependencies = [
 "sentinel-core",
 "sentinel-ioc",
]

[[package]]
name = "sentinel-rules"
version = "0.1.0"
dependencies = [
 "sentinel-core",
 "sentinel-packet",
]
